
Microsoft Visual Studio Solution File, Format Version 12.00
# Visual Studio 2013
VisualStudioVersion = 12.0.21005.1
MinimumVisualStudioVersion = 10.0.40219.1
Project("{FAE04EC0-301F-11D3-BF4B-00C04F79EFBC}") = "VisualSniffer", "VisualSniffer\VisualSniffer.csproj", "{F0AD5384-D29F-4498-971C-BD44469840EA}"
EndProject
Project("{FAE04EC0-301F-11D3-BF4B-00C04F79EFBC}") = "HexViewer", "hexViewer\HexViewer.csproj", "{26C5F25F-B450-4CAF-AD8B-B8D11AE73457}"
EndProject
Project("{FAE04EC0-301F-11D3-BF4B-00C04F79EFBC}") = "PacketDotNet", "PacketDotNet\PacketDotNet.csproj", "{55ABBA4C-AAF9-4726-A592-0C92436CEC92}"
EndProject
Project("{FAE04EC0-301F-11D3-BF4B-00C04F79EFBC}") = "SharpPcap", "SharpPcap\SharpPcap.csproj", "{24262E52-1304-4A25-8F73-A3B06E40592E}"
EndProject
Project("{FAE04EC0-301F-11D3-BF4B-00C04F79EFBC}") = "AJBauer", "AJBauer\AJBauer.csproj", "{7F4E10D3-FFBE-476F-9D89-CF831D2EAFEC}"
EndProject
Global
	GlobalSection(SolutionConfigurationPlatforms) = preSolution
		Debug|Any CPU = Debug|Any CPU
		Debug|Mixed Platforms = Debug|Mixed Platforms
		Debug|x86 = Debug|x86
		Release|Any CPU = Release|Any CPU
		Release|Mixed Platforms = Release|Mixed Platforms
		Release|x86 = Release|x86
	EndGlobalSection
	GlobalSection(ProjectConfigurationPlatforms) = postSolution
		{F0AD5384-D29F-4498-971C-BD44469840EA}.Debug|Any CPU.ActiveCfg = Debug|x86
		{F0AD5384-D29F-4498-971C-BD44469840EA}.Debug|Mixed Platforms.ActiveCfg = Debug|x86
		{F0AD5384-D29F-4498-971C-BD44469840EA}.Debug|Mixed Platforms.Build.0 = Debug|x86
		{F0AD5384-D29F-4498-971C-BD44469840EA}.Debug|x86.ActiveCfg = Debug|x86
		{F0AD5384-D29F-4498-971C-BD44469840EA}.Debug|x86.Build.0 = Debug|x86
		{F0AD5384-D29F-4498-971C-BD44469840EA}.Release|Any CPU.ActiveCfg = Release|x86
		{F0AD5384-D29F-4498-971C-BD44469840EA}.Release|Mixed Platforms.ActiveCfg = Release|x86
		{F0AD5384-D29F-4498-971C-BD44469840EA}.Release|Mixed Platforms.Build.0 = Release|x86
		{F0AD5384-D29F-4498-971C-BD44469840EA}.Release|x86.ActiveCfg = Release|x86
		{F0AD5384-D29F-4498-971C-BD44469840EA}.Release|x86.Build.0 = Release|x86
		{26C5F25F-B450-4CAF-AD8B-B8D11AE73457}.Debug|Any CPU.ActiveCfg = Debug|Any CPU
		{26C5F25F-B450-4CAF-AD8B-B8D11AE73457}.Debug|Any CPU.Build.0 = Debug|Any CPU
		{26C5F25F-B450-4CAF-AD8B-B8D11AE73457}.Debug|Mixed Platforms.ActiveCfg = Debug|Any CPU
		{26C5F25F-B450-4CAF-AD8B-B8D11AE73457}.Debug|Mixed Platforms.Build.0 = Debug|Any CPU
		{26C5F25F-B450-4CAF-AD8B-B8D11AE73457}.Debug|x86.ActiveCfg = Debug|Any CPU
		{26C5F25F-B450-4CAF-AD8B-B8D11AE73457}.Release|Any CPU.ActiveCfg = Release|Any CPU
		{26C5F25F-B450-4CAF-AD8B-B8D11AE73457}.Release|Any CPU.Build.0 = Release|Any CPU
		{26C5F25F-B450-4CAF-AD8B-B8D11AE73457}.Release|Mixed Platforms.ActiveCfg = Release|Any CPU
		{26C5F25F-B450-4CAF-AD8B-B8D11AE73457}.Release|Mixed Platforms.Build.0 = Release|Any CPU
		{26C5F25F-B450-4CAF-AD8B-B8D11AE73457}.Release|x86.ActiveCfg = Release|Any CPU
		{55ABBA4C-AAF9-4726-A592-0C92436CEC92}.Debug|Any CPU.ActiveCfg = Debug|Any CPU
		{55ABBA4C-AAF9-4726-A592-0C92436CEC92}.Debug|Any CPU.Build.0 = Debug|Any CPU
		{55ABBA4C-AAF9-4726-A592-0C92436CEC92}.Debug|Mixed Platforms.ActiveCfg = Debug|Any CPU
		{55ABBA4C-AAF9-4726-A592-0C92436CEC92}.Debug|Mixed Platforms.Build.0 = Debug|Any CPU
		{55ABBA4C-AAF9-4726-A592-0C92436CEC92}.Debug|x86.ActiveCfg = Debug|Any CPU
		{55ABBA4C-AAF9-4726-A592-0C92436CEC92}.Release|Any CPU.ActiveCfg = Release|Any CPU
		{55ABBA4C-AAF9-4726-A592-0C92436CEC92}.Release|Any CPU.Build.0 = Release|Any CPU
		{55ABBA4C-AAF9-4726-A592-0C92436CEC92}.Release|Mixed Platforms.ActiveCfg = Release|Any CPU
		{55ABBA4C-AAF9-4726-A592-0C92436CEC92}.Release|Mixed Platforms.Build.0 = Release|Any CPU
		{55ABBA4C-AAF9-4726-A592-0C92436CEC92}.Release|x86.ActiveCfg = Release|Any CPU
		{24262E52-1304-4A25-8F73-A3B06E40592E}.Debug|Any CPU.ActiveCfg = Debug|Any CPU
		{24262E52-1304-4A25-8F73-A3B06E40592E}.Debug|Any CPU.Build.0 = Debug|Any CPU
		{24262E52-1304-4A25-8F73-A3B06E40592E}.Debug|Mixed Platforms.ActiveCfg = Debug|Any CPU
		{24262E52-1304-4A25-8F73-A3B06E40592E}.Debug|Mixed Platforms.Build.0 = Debug|Any CPU
		{24262E52-1304-4A25-8F73-A3B06E40592E}.Debug|x86.ActiveCfg = Debug|Any CPU
		{24262E52-1304-4A25-8F73-A3B06E40592E}.Release|Any CPU.ActiveCfg = Release|Any CPU
		{24262E52-1304-4A25-8F73-A3B06E40592E}.Release|Any CPU.Build.0 = Release|Any CPU
		{24262E52-1304-4A25-8F73-A3B06E40592E}.Release|Mixed Platforms.ActiveCfg = Release|Any CPU
		{24262E52-1304-4A25-8F73-A3B06E40592E}.Release|Mixed Platforms.Build.0 = Release|Any CPU
		{24262E52-1304-4A25-8F73-A3B06E40592E}.Release|x86.ActiveCfg = Release|Any CPU
		{7F4E10D3-FFBE-476F-9D89-CF831D2EAFEC}.Debug|Any CPU.ActiveCfg = Debug|Any CPU
		{7F4E10D3-FFBE-476F-9D89-CF831D2EAFEC}.Debug|Any CPU.Build.0 = Debug|Any CPU
		{7F4E10D3-FFBE-476F-9D89-CF831D2EAFEC}.Debug|Mixed Platforms.ActiveCfg = Debug|Any CPU
		{7F4E10D3-FFBE-476F-9D89-CF831D2EAFEC}.Debug|Mixed Platforms.Build.0 = Debug|Any CPU
		{7F4E10D3-FFBE-476F-9D89-CF831D2EAFEC}.Debug|x86.ActiveCfg = Debug|Any CPU
		{7F4E10D3-FFBE-476F-9D89-CF831D2EAFEC}.Release|Any CPU.ActiveCfg = Release|Any CPU
		{7F4E10D3-FFBE-476F-9D89-CF831D2EAFEC}.Release|Any CPU.Build.0 = Release|Any CPU
		{7F4E10D3-FFBE-476F-9D89-CF831D2EAFEC}.Release|Mixed Platforms.ActiveCfg = Release|Any CPU
		{7F4E10D3-FFBE-476F-9D89-CF831D2EAFEC}.Release|Mixed Platforms.Build.0 = Release|Any CPU
		{7F4E10D3-FFBE-476F-9D89-CF831D2EAFEC}.Release|x86.ActiveCfg = Release|Any CPU
	EndGlobalSection
	GlobalSection(SolutionProperties) = preSolution
		HideSolutionNode = FALSE
	EndGlobalSection
EndGlobal
